
Microsoft Visual Studio Solution File, Format Version 12.00
# Visual Studio 2013
VisualStudioVersion = 12.0.21005.1
MinimumVisualStudioVersion = 10.0.40219.1
Project("{FAE04EC0-301F-11D3-BF4B-00C04F79EFBC}") = "FilmsInventory.ConsoleClient", "FilmsInventory_SergeyVolodko\FilmsInventory.ConsoleClient.csproj", "{6C6BD43F-D8B4-448C-984F-E7FD14487B1E}"
EndProject
Project("{FAE04EC0-301F-11D3-BF4B-00C04F79EFBC}") = "FilmsInventory", "FilmsInventory_SergeyVolodko.Domain\FilmsInventory.csproj", "{5A051255-273F-4AA8-B41D-1D4D80A36367}"
EndProject
Project("{FAE04EC0-301F-11D3-BF4B-00C04F79EFBC}") = "FilmsInventory.Tests", "FilmsInventory.Tests\FilmsInventory.Tests.csproj", "{1429F45A-1E32-4BF2-865A-BD3EB7967640}"
EndProject
Global
	GlobalSection(SolutionConfigurationPlatforms) = preSolution
		Debug|Any CPU = Debug|Any CPU
		Release|Any CPU = Release|Any CPU
	EndGlobalSection
	GlobalSection(ProjectConfigurationPlatforms) = postSolution
		{6C6BD43F-D8B4-448C-984F-E7FD14487B1E}.Debug|Any CPU.ActiveCfg = Debug|Any CPU
		{6C6BD43F-D8B4-448C-984F-E7FD14487B1E}.Debug|Any CPU.Build.0 = Debug|Any CPU
		{6C6BD43F-D8B4-448C-984F-E7FD14487B1E}.Release|Any CPU.ActiveCfg = Release|Any CPU
		{6C6BD43F-D8B4-448C-984F-E7FD14487B1E}.Release|Any CPU.Build.0 = Release|Any CPU
		{5A051255-273F-4AA8-B41D-1D4D80A36367}.Debug|Any CPU.ActiveCfg = Debug|Any CPU
		{5A051255-273F-4AA8-B41D-1D4D80A36367}.Debug|Any CPU.Build.0 = Debug|Any CPU
		{5A051255-273F-4AA8-B41D-1D4D80A36367}.Release|Any CPU.ActiveCfg = Release|Any CPU
		{5A051255-273F-4AA8-B41D-1D4D80A36367}.Release|Any CPU.Build.0 = Release|Any CPU
		{1429F45A-1E32-4BF2-865A-BD3EB7967640}.Debug|Any CPU.ActiveCfg = Debug|Any CPU
		{1429F45A-1E32-4BF2-865A-BD3EB7967640}.Debug|Any CPU.Build.0 = Debug|Any CPU
		{1429F45A-1E32-4BF2-865A-BD3EB7967640}.Release|Any CPU.ActiveCfg = Release|Any CPU
		{1429F45A-1E32-4BF2-865A-BD3EB7967640}.Release|Any CPU.Build.0 = Release|Any CPU
	EndGlobalSection
	GlobalSection(SolutionProperties) = preSolution
		HideSolutionNode = FALSE
	EndGlobalSection
EndGlobal
